
Microsoft Visual Studio Solution File, Format Version 12.00
# Visual Studio 14
VisualStudioVersion = 14.0.25123.0
MinimumVisualStudioVersion = 10.0.40219.1
Project("{FAE04EC0-301F-11D3-BF4B-00C04F79EFBC}") = "WebApplication1", "WebApplication1\WebApplication1.csproj", "{7E46640A-BEAE-411D-93D1-1C4FAF29F07B}"
EndProject
Project("{FAE04EC0-301F-11D3-BF4B-00C04F79EFBC}") = "WebApplication2", "WebApplication2\WebApplication2.csproj", "{22B69C13-96CF-4E5B-8D9F-8663F9454BD1}"
EndProject
Project("{FAE04EC0-301F-11D3-BF4B-00C04F79EFBC}") = "Canducci.HtmlHelpers", "Canducci.HtmlHelpers\Canducci.HtmlHelpers.csproj", "{DB99080C-ADC4-4565-8896-C8013F1C830F}"
EndProject
Project("{FAE04EC0-301F-11D3-BF4B-00C04F79EFBC}") = "Canducci.HtmlHelpers451", "Canducci.HtmlHelpers451\Canducci.HtmlHelpers451.csproj", "{4E1ABC1E-AB3D-40D5-9F2F-16AC334B3CE7}"
EndProject
Project("{FAE04EC0-301F-11D3-BF4B-00C04F79EFBC}") = "Canducci.HtmlHelpers452", "Canducci.HtmlHelpers452\Canducci.HtmlHelpers452.csproj", "{D6F6C202-6639-4713-865F-A97A24EA52ED}"
EndProject
Project("{FAE04EC0-301F-11D3-BF4B-00C04F79EFBC}") = "ConsoleApplication1", "ConsoleApplication1\ConsoleApplication1.csproj", "{9C0EE585-1224-4062-996F-893033C9CCD4}"
EndProject
Project("{F184B08F-C81C-45F6-A57F-5ABD9991F28F}") = "WindowsAppVB", "WindowsAppVB\WindowsAppVB.vbproj", "{8A401DB6-3A2F-4969-A729-B8B15DF1624C}"
EndProject
Project("{FAE04EC0-301F-11D3-BF4B-00C04F79EFBC}") = "WindowsAppCsharp", "WindowsAppCsharp\WindowsAppCsharp.csproj", "{C0075C66-85B6-49F8-B840-09F2CC0E9A79}"
EndProject
Global
	GlobalSection(SolutionConfigurationPlatforms) = preSolution
		Debug|Any CPU = Debug|Any CPU
		Release|Any CPU = Release|Any CPU
	EndGlobalSection
	GlobalSection(ProjectConfigurationPlatforms) = postSolution
		{7E46640A-BEAE-411D-93D1-1C4FAF29F07B}.Debug|Any CPU.ActiveCfg = Debug|Any CPU
		{7E46640A-BEAE-411D-93D1-1C4FAF29F07B}.Debug|Any CPU.Build.0 = Debug|Any CPU
		{7E46640A-BEAE-411D-93D1-1C4FAF29F07B}.Release|Any CPU.ActiveCfg = Release|Any CPU
		{7E46640A-BEAE-411D-93D1-1C4FAF29F07B}.Release|Any CPU.Build.0 = Release|Any CPU
		{22B69C13-96CF-4E5B-8D9F-8663F9454BD1}.Debug|Any CPU.ActiveCfg = Debug|Any CPU
		{22B69C13-96CF-4E5B-8D9F-8663F9454BD1}.Debug|Any CPU.Build.0 = Debug|Any CPU
		{22B69C13-96CF-4E5B-8D9F-8663F9454BD1}.Release|Any CPU.ActiveCfg = Release|Any CPU
		{22B69C13-96CF-4E5B-8D9F-8663F9454BD1}.Release|Any CPU.Build.0 = Release|Any CPU
		{DB99080C-ADC4-4565-8896-C8013F1C830F}.Debug|Any CPU.ActiveCfg = Debug|Any CPU
		{DB99080C-ADC4-4565-8896-C8013F1C830F}.Debug|Any CPU.Build.0 = Debug|Any CPU
		{DB99080C-ADC4-4565-8896-C8013F1C830F}.Release|Any CPU.ActiveCfg = Release|Any CPU
		{DB99080C-ADC4-4565-8896-C8013F1C830F}.Release|Any CPU.Build.0 = Release|Any CPU
		{4E1ABC1E-AB3D-40D5-9F2F-16AC334B3CE7}.Debug|Any CPU.ActiveCfg = Debug|Any CPU
		{4E1ABC1E-AB3D-40D5-9F2F-16AC334B3CE7}.Debug|Any CPU.Build.0 = Debug|Any CPU
		{4E1ABC1E-AB3D-40D5-9F2F-16AC334B3CE7}.Release|Any CPU.ActiveCfg = Release|Any CPU
		{4E1ABC1E-AB3D-40D5-9F2F-16AC334B3CE7}.Release|Any CPU.Build.0 = Release|Any CPU
		{D6F6C202-6639-4713-865F-A97A24EA52ED}.Debug|Any CPU.ActiveCfg = Debug|Any CPU
		{D6F6C202-6639-4713-865F-A97A24EA52ED}.Debug|Any CPU.Build.0 = Debug|Any CPU
		{D6F6C202-6639-4713-865F-A97A24EA52ED}.Release|Any CPU.ActiveCfg = Release|Any CPU
		{D6F6C202-6639-4713-865F-A97A24EA52ED}.Release|Any CPU.Build.0 = Release|Any CPU
		{9C0EE585-1224-4062-996F-893033C9CCD4}.Debug|Any CPU.ActiveCfg = Debug|Any CPU
		{9C0EE585-1224-4062-996F-893033C9CCD4}.Debug|Any CPU.Build.0 = Debug|Any CPU
		{9C0EE585-1224-4062-996F-893033C9CCD4}.Release|Any CPU.ActiveCfg = Release|Any CPU
		{9C0EE585-1224-4062-996F-893033C9CCD4}.Release|Any CPU.Build.0 = Release|Any CPU
		{8A401DB6-3A2F-4969-A729-B8B15DF1624C}.Debug|Any CPU.ActiveCfg = Debug|Any CPU
		{8A401DB6-3A2F-4969-A729-B8B15DF1624C}.Debug|Any CPU.Build.0 = Debug|Any CPU
		{8A401DB6-3A2F-4969-A729-B8B15DF1624C}.Release|Any CPU.ActiveCfg = Release|Any CPU
		{8A401DB6-3A2F-4969-A729-B8B15DF1624C}.Release|Any CPU.Build.0 = Release|Any CPU
		{C0075C66-85B6-49F8-B840-09F2CC0E9A79}.Debug|Any CPU.ActiveCfg = Debug|Any CPU
		{C0075C66-85B6-49F8-B840-09F2CC0E9A79}.Debug|Any CPU.Build.0 = Debug|Any CPU
		{C0075C66-85B6-49F8-B840-09F2CC0E9A79}.Release|Any CPU.ActiveCfg = Release|Any CPU
		{C0075C66-85B6-49F8-B840-09F2CC0E9A79}.Release|Any CPU.Build.0 = Release|Any CPU
	EndGlobalSection
	GlobalSection(SolutionProperties) = preSolution
		HideSolutionNode = FALSE
	EndGlobalSection
EndGlobal
